
Microsoft Visual Studio Solution File, Format Version 12.00
# Visual Studio 15
VisualStudioVersion = 15.0.27130.2036
MinimumVisualStudioVersion = 10.0.40219.1
Project("{FAE04EC0-301F-11D3-BF4B-00C04F79EFBC}") = "WebAPIProject", "WebAPIProject\WebAPIProject.csproj", "{C8BAE62E-588C-4664-8683-24BE64E28079}"
EndProject
Project("{FAE04EC0-301F-11D3-BF4B-00C04F79EFBC}") = "DAL", "DAL\DAL.csproj", "{B3374678-A57E-4A6B-B098-0679B922E017}"
EndProject
Project("{FAE04EC0-301F-11D3-BF4B-00C04F79EFBC}") = "DAL2", "DAL2\DAL2.csproj", "{6942221E-CA5B-4290-BD5D-22FBE636346E}"
EndProject
Global
	GlobalSection(SolutionConfigurationPlatforms) = preSolution
		Debug|Any CPU = Debug|Any CPU
		Release|Any CPU = Release|Any CPU
	EndGlobalSection
	GlobalSection(ProjectConfigurationPlatforms) = postSolution
		{C8BAE62E-588C-4664-8683-24BE64E28079}.Debug|Any CPU.ActiveCfg = Debug|Any CPU
		{C8BAE62E-588C-4664-8683-24BE64E28079}.Debug|Any CPU.Build.0 = Debug|Any CPU
		{C8BAE62E-588C-4664-8683-24BE64E28079}.Release|Any CPU.ActiveCfg = Release|Any CPU
		{C8BAE62E-588C-4664-8683-24BE64E28079}.Release|Any CPU.Build.0 = Release|Any CPU
		{B3374678-A57E-4A6B-B098-0679B922E017}.Debug|Any CPU.ActiveCfg = Debug|Any CPU
		{B3374678-A57E-4A6B-B098-0679B922E017}.Debug|Any CPU.Build.0 = Debug|Any CPU
		{B3374678-A57E-4A6B-B098-0679B922E017}.Release|Any CPU.ActiveCfg = Release|Any CPU
		{B3374678-A57E-4A6B-B098-0679B922E017}.Release|Any CPU.Build.0 = Release|Any CPU
		{6942221E-CA5B-4290-BD5D-22FBE636346E}.Debug|Any CPU.ActiveCfg = Debug|Any CPU
		{6942221E-CA5B-4290-BD5D-22FBE636346E}.Debug|Any CPU.Build.0 = Debug|Any CPU
		{6942221E-CA5B-4290-BD5D-22FBE636346E}.Release|Any CPU.ActiveCfg = Release|Any CPU
		{6942221E-CA5B-4290-BD5D-22FBE636346E}.Release|Any CPU.Build.0 = Release|Any CPU
	EndGlobalSection
	GlobalSection(SolutionProperties) = preSolution
		HideSolutionNode = FALSE
	EndGlobalSection
	GlobalSection(ExtensibilityGlobals) = postSolution
		SolutionGuid = {E99696A0-D0FB-41AB-8E94-ACB1F6492BC7}
	EndGlobalSection
EndGlobal
