
Microsoft Visual Studio Solution File, Format Version 12.00
# Visual Studio Version 17
VisualStudioVersion = 17.9.34607.119
MinimumVisualStudioVersion = 10.0.40219.1
Project("{FAE04EC0-301F-11D3-BF4B-00C04F79EFBC}") = "webapiconsume", "webapiconsume\webapiconsume.csproj", "{8273FB16-0C59-401C-B870-84250D58EE10}"
EndProject
Global
	GlobalSection(SolutionConfigurationPlatforms) = preSolution
		Debug|Any CPU = Debug|Any CPU
		Release|Any CPU = Release|Any CPU
	EndGlobalSection
	GlobalSection(ProjectConfigurationPlatforms) = postSolution
		{8273FB16-0C59-401C-B870-84250D58EE10}.Debug|Any CPU.ActiveCfg = Debug|Any CPU
		{8273FB16-0C59-401C-B870-84250D58EE10}.Debug|Any CPU.Build.0 = Debug|Any CPU
		{8273FB16-0C59-401C-B870-84250D58EE10}.Release|Any CPU.ActiveCfg = Release|Any CPU
		{8273FB16-0C59-401C-B870-84250D58EE10}.Release|Any CPU.Build.0 = Release|Any CPU
	EndGlobalSection
	GlobalSection(SolutionProperties) = preSolution
		HideSolutionNode = FALSE
	EndGlobalSection
	GlobalSection(ExtensibilityGlobals) = postSolution
		SolutionGuid = {8D3D35CD-C100-45BD-A929-24112754E8AD}
	EndGlobalSection
EndGlobal
