
Microsoft Visual Studio Solution File, Format Version 12.00
# Visual Studio 15
VisualStudioVersion = 15.0.27130.2036
MinimumVisualStudioVersion = 10.0.40219.1
Project("{FAE04EC0-301F-11D3-BF4B-00C04F79EFBC}") = "WEBAIBCCI", "WEBAIBCCI.csproj", "{9A3D783A-54B2-4FCF-A3BE-0090FA057AF3}"
EndProject
Project("{FAE04EC0-301F-11D3-BF4B-00C04F79EFBC}") = "BCCIAPICONSUME", "..\BCCIAPICONSUME\BCCIAPICONSUME.csproj", "{C1771D50-3246-45BB-AA22-A742D01A8D1C}"
EndProject
Global
	GlobalSection(SolutionConfigurationPlatforms) = preSolution
		Debug|Any CPU = Debug|Any CPU
		Release|Any CPU = Release|Any CPU
	EndGlobalSection
	GlobalSection(ProjectConfigurationPlatforms) = postSolution
		{9A3D783A-54B2-4FCF-A3BE-0090FA057AF3}.Debug|Any CPU.ActiveCfg = Debug|Any CPU
		{9A3D783A-54B2-4FCF-A3BE-0090FA057AF3}.Debug|Any CPU.Build.0 = Debug|Any CPU
		{9A3D783A-54B2-4FCF-A3BE-0090FA057AF3}.Release|Any CPU.ActiveCfg = Release|Any CPU
		{9A3D783A-54B2-4FCF-A3BE-0090FA057AF3}.Release|Any CPU.Build.0 = Release|Any CPU
		{C1771D50-3246-45BB-AA22-A742D01A8D1C}.Debug|Any CPU.ActiveCfg = Debug|Any CPU
		{C1771D50-3246-45BB-AA22-A742D01A8D1C}.Debug|Any CPU.Build.0 = Debug|Any CPU
		{C1771D50-3246-45BB-AA22-A742D01A8D1C}.Release|Any CPU.ActiveCfg = Release|Any CPU
		{C1771D50-3246-45BB-AA22-A742D01A8D1C}.Release|Any CPU.Build.0 = Release|Any CPU
	EndGlobalSection
	GlobalSection(SolutionProperties) = preSolution
		HideSolutionNode = FALSE
	EndGlobalSection
	GlobalSection(ExtensibilityGlobals) = postSolution
		SolutionGuid = {9E757C64-5981-4B19-A233-2A8ED4198293}
	EndGlobalSection
EndGlobal
